
Microsoft Visual Studio Solution File, Format Version 12.00
# Visual Studio Version 16
VisualStudioVersion = 16.0.32802.440
MinimumVisualStudioVersion = 10.0.40219.1
Project("{FAE04EC0-301F-11D3-BF4B-00C04F79EFBC}") = "caixaRetangular", "caixaRetangular\caixaRetangular.csproj", "{8E700B35-4C17-4E11-A8F7-6729D6D265B0}"
EndProject
Global
	GlobalSection(SolutionConfigurationPlatforms) = preSolution
		Debug|Any CPU = Debug|Any CPU
		Release|Any CPU = Release|Any CPU
	EndGlobalSection
	GlobalSection(ProjectConfigurationPlatforms) = postSolution
		{8E700B35-4C17-4E11-A8F7-6729D6D265B0}.Debug|Any CPU.ActiveCfg = Debug|Any CPU
		{8E700B35-4C17-4E11-A8F7-6729D6D265B0}.Debug|Any CPU.Build.0 = Debug|Any CPU
		{8E700B35-4C17-4E11-A8F7-6729D6D265B0}.Release|Any CPU.ActiveCfg = Release|Any CPU
		{8E700B35-4C17-4E11-A8F7-6729D6D265B0}.Release|Any CPU.Build.0 = Release|Any CPU
	EndGlobalSection
	GlobalSection(SolutionProperties) = preSolution
		HideSolutionNode = FALSE
	EndGlobalSection
	GlobalSection(ExtensibilityGlobals) = postSolution
		SolutionGuid = {6B647F6F-DD08-4650-8394-73E49B5898B8}
	EndGlobalSection
EndGlobal
