
Microsoft Visual Studio Solution File, Format Version 12.00
# Visual Studio Version 16
VisualStudioVersion = 16.0.32802.440
MinimumVisualStudioVersion = 10.0.40219.1
Project("{FAE04EC0-301F-11D3-BF4B-00C04F79EFBC}") = "Diferenca", "Diferenca\Diferenca.csproj", "{6347ABE3-8695-4E76-B7D3-C5D22620A181}"
EndProject
Global
	GlobalSection(SolutionConfigurationPlatforms) = preSolution
		Debug|Any CPU = Debug|Any CPU
		Release|Any CPU = Release|Any CPU
	EndGlobalSection
	GlobalSection(ProjectConfigurationPlatforms) = postSolution
		{6347ABE3-8695-4E76-B7D3-C5D22620A181}.Debug|Any CPU.ActiveCfg = Debug|Any CPU
		{6347ABE3-8695-4E76-B7D3-C5D22620A181}.Debug|Any CPU.Build.0 = Debug|Any CPU
		{6347ABE3-8695-4E76-B7D3-C5D22620A181}.Release|Any CPU.ActiveCfg = Release|Any CPU
		{6347ABE3-8695-4E76-B7D3-C5D22620A181}.Release|Any CPU.Build.0 = Release|Any CPU
	EndGlobalSection
	GlobalSection(SolutionProperties) = preSolution
		HideSolutionNode = FALSE
	EndGlobalSection
	GlobalSection(ExtensibilityGlobals) = postSolution
		SolutionGuid = {966991C9-2381-4E3A-B40C-AEE11EB81849}
	EndGlobalSection
EndGlobal
