
Microsoft Visual Studio Solution File, Format Version 12.00
# Visual Studio Version 16
VisualStudioVersion = 16.0.32802.440
MinimumVisualStudioVersion = 10.0.40219.1
Project("{FAE04EC0-301F-11D3-BF4B-00C04F79EFBC}") = "Soma[", "Soma[\Soma[.csproj", "{850877F7-F916-48C8-9B13-3F93A5CBAC45}"
EndProject
Global
	GlobalSection(SolutionConfigurationPlatforms) = preSolution
		Debug|Any CPU = Debug|Any CPU
		Release|Any CPU = Release|Any CPU
	EndGlobalSection
	GlobalSection(ProjectConfigurationPlatforms) = postSolution
		{850877F7-F916-48C8-9B13-3F93A5CBAC45}.Debug|Any CPU.ActiveCfg = Debug|Any CPU
		{850877F7-F916-48C8-9B13-3F93A5CBAC45}.Debug|Any CPU.Build.0 = Debug|Any CPU
		{850877F7-F916-48C8-9B13-3F93A5CBAC45}.Release|Any CPU.ActiveCfg = Release|Any CPU
		{850877F7-F916-48C8-9B13-3F93A5CBAC45}.Release|Any CPU.Build.0 = Release|Any CPU
	EndGlobalSection
	GlobalSection(SolutionProperties) = preSolution
		HideSolutionNode = FALSE
	EndGlobalSection
	GlobalSection(ExtensibilityGlobals) = postSolution
		SolutionGuid = {4111EB6F-60EC-4372-8617-4874EF968CBA}
	EndGlobalSection
EndGlobal
