
Microsoft Visual Studio Solution File, Format Version 12.00
# Visual Studio Version 16
VisualStudioVersion = 16.0.32802.440
MinimumVisualStudioVersion = 10.0.40219.1
Project("{FAE04EC0-301F-11D3-BF4B-00C04F79EFBC}") = "Exerc_ind", "Exerc_ind\Exerc_ind.csproj", "{042ADECB-CF44-4C13-B09D-5867E2A810A5}"
EndProject
Global
	GlobalSection(SolutionConfigurationPlatforms) = preSolution
		Debug|Any CPU = Debug|Any CPU
		Release|Any CPU = Release|Any CPU
	EndGlobalSection
	GlobalSection(ProjectConfigurationPlatforms) = postSolution
		{042ADECB-CF44-4C13-B09D-5867E2A810A5}.Debug|Any CPU.ActiveCfg = Debug|Any CPU
		{042ADECB-CF44-4C13-B09D-5867E2A810A5}.Debug|Any CPU.Build.0 = Debug|Any CPU
		{042ADECB-CF44-4C13-B09D-5867E2A810A5}.Release|Any CPU.ActiveCfg = Release|Any CPU
		{042ADECB-CF44-4C13-B09D-5867E2A810A5}.Release|Any CPU.Build.0 = Release|Any CPU
	EndGlobalSection
	GlobalSection(SolutionProperties) = preSolution
		HideSolutionNode = FALSE
	EndGlobalSection
	GlobalSection(ExtensibilityGlobals) = postSolution
		SolutionGuid = {1CC123CE-1C42-4456-9786-81CED734B1F0}
	EndGlobalSection
EndGlobal
